<?xml version="1.0" encoding="utf-8"?>
<Project ToolsVersion="4.0" xmlns="http://schemas.microsoft.com/developer/msbuild/2003">
  <ItemGroup>
    <Filter Include="Source Files">
      <UniqueIdentifier>{4FC737F1-C7A5-4376-A066-2A32D752A2FF}</UniqueIdentifier>
      <Extensions>cpp;c;cc;cxx;def;odl;idl;hpj;bat;asm;asmx</Extensions>
    </Filter>
    <Filter Include="Header Files">
      <UniqueIdentifier>{93995380-89BD-4b04-88EB-625FBE52EBFB}</UniqueIdentifier>
      <Extensions>h;hpp;hxx;hm;inl;inc;xsd</Extensions>
    </Filter>
    <Filter Include="Resource Files">
      <UniqueIdentifier>{67DA6AB6-F800-4c08-8B7A-83BB121AAD01}</UniqueIdentifier>
      <Extensions>rc;ico;cur;bmp;dlg;rc2;rct;bin;rgs;gif;jpg;jpeg;jpe;resx;tiff;tif;png;wav</Extensions>
    </Filter>
  </ItemGroup>
  <ItemGroup>
    <ClCompile Include="..\libs\buffer.c">
      <Filter>Source Files</Filter>
    </ClCompile>
    <ClCompile Include="..\drivers\command\command_packet.c">
      <Filter>Source Files</Filter>
    </ClCompile>
    <ClCompile Include="..\controller\controller.c">
      <Filter>Source Files</Filter>
    </ClCompile>
    <ClCompile Include="..\libs\dns.c">
      <Filter>Source Files</Filter>
    </ClCompile>
    <ClCompile Include="..\dnscat.c">
      <Filter>Source Files</Filter>
    </ClCompile>
    <ClCompile Include="..\drivers\driver.c">
      <Filter>Source Files</Filter>
    </ClCompile>
    <ClCompile Include="..\drivers\command\driver_command.c">
      <Filter>Source Files</Filter>
    </ClCompile>
    <ClCompile Include="..\drivers\driver_console.c">
      <Filter>Source Files</Filter>
    </ClCompile>
    <ClCompile Include="..\tunnel_drivers\driver_dns.c">
      <Filter>Source Files</Filter>
    </ClCompile>
    <ClCompile Include="..\drivers\driver_exec.c">
      <Filter>Source Files</Filter>
    </ClCompile>
    <ClCompile Include="..\drivers\driver_ping.c">
      <Filter>Source Files</Filter>
    </ClCompile>
    <ClCompile Include="..\libs\crypto\encryptor.c">
      <Filter>Source Files</Filter>
    </ClCompile>
    <ClCompile Include="..\libs\ll.c">
      <Filter>Source Files</Filter>
    </ClCompile>
    <ClCompile Include="..\libs\log.c">
      <Filter>Source Files</Filter>
    </ClCompile>
    <ClCompile Include="..\libs\memory.c">
      <Filter>Source Files</Filter>
    </ClCompile>
    <ClCompile Include="..\libs\my_getopt.c">
      <Filter>Source Files</Filter>
    </ClCompile>
    <ClCompile Include="..\controller\packet.c">
      <Filter>Source Files</Filter>
    </ClCompile>
    <ClCompile Include="..\libs\crypto\salsa20.c">
      <Filter>Source Files</Filter>
    </ClCompile>
    <ClCompile Include="..\libs\select_group.c">
      <Filter>Source Files</Filter>
    </ClCompile>
    <ClCompile Include="..\controller\session.c">
      <Filter>Source Files</Filter>
    </ClCompile>
    <ClCompile Include="..\libs\crypto\sha3.c">
      <Filter>Source Files</Filter>
    </ClCompile>
    <ClCompile Include="..\libs\tcp.c">
      <Filter>Source Files</Filter>
    </ClCompile>
    <ClCompile Include="..\libs\types.c">
      <Filter>Source Files</Filter>
    </ClCompile>
    <ClCompile Include="..\libs\udp.c">
      <Filter>Source Files</Filter>
    </ClCompile>
    <ClCompile Include="..\libs\crypto\micro-ecc\uECC.c">
      <Filter>Source Files</Filter>
    </ClCompile>
  </ItemGroup>
  <ItemGroup>
    <ClInclude Include="..\drivers\command\commands_standard.h">
      <Filter>Source Files</Filter>
    </ClInclude>
    <ClInclude Include="..\drivers\command\commands_tunnel.h">
      <Filter>Source Files</Filter>
    </ClInclude>
    <ClInclude Include="..\libs\buffer.h">
      <Filter>Header Files</Filter>
    </ClInclude>
    <ClInclude Include="..\libs\crypto\byte_order.h">
      <Filter>Header Files</Filter>
    </ClInclude>
    <ClInclude Include="..\drivers\command\command_packet.h">
      <Filter>Header Files</Filter>
    </ClInclude>
    <ClInclude Include="..\controller\controller.h">
      <Filter>Header Files</Filter>
    </ClInclude>
    <ClInclude Include="..\libs\dns.h">
      <Filter>Header Files</Filter>
    </ClInclude>
    <ClInclude Include="..\drivers\driver.h">
      <Filter>Header Files</Filter>
    </ClInclude>
    <ClInclude Include="..\drivers\command\driver_command.h">
      <Filter>Header Files</Filter>
    </ClInclude>
    <ClInclude Include="..\drivers\driver_console.h">
      <Filter>Header Files</Filter>
    </ClInclude>
    <ClInclude Include="..\tunnel_drivers\driver_dns.h">
      <Filter>Header Files</Filter>
    </ClInclude>
    <ClInclude Include="..\drivers\driver_exec.h">
      <Filter>Header Files</Filter>
    </ClInclude>
    <ClInclude Include="..\drivers\driver_ping.h">
      <Filter>Header Files</Filter>
    </ClInclude>
    <ClInclude Include="..\libs\crypto\encryptor.h">
      <Filter>Header Files</Filter>
    </ClInclude>
    <ClInclude Include="..\libs\crypto\encryptor_sas_dict.h">
      <Filter>Header Files</Filter>
    </ClInclude>
    <ClInclude Include="..\libs\ll.h">
      <Filter>Header Files</Filter>
    </ClInclude>
    <ClInclude Include="..\libs\log.h">
      <Filter>Header Files</Filter>
    </ClInclude>
    <ClInclude Include="..\libs\memory.h">
      <Filter>Header Files</Filter>
    </ClInclude>
    <ClInclude Include="..\libs\my_getopt.h">
      <Filter>Header Files</Filter>
    </ClInclude>
    <ClInclude Include="..\controller\packet.h">
      <Filter>Header Files</Filter>
    </ClInclude>
    <ClInclude Include="..\libs\pstdint.h">
      <Filter>Header Files</Filter>
    </ClInclude>
    <ClInclude Include="..\libs\crypto\salsa20.h">
      <Filter>Header Files</Filter>
    </ClInclude>
    <ClInclude Include="..\libs\select_group.h">
      <Filter>Header Files</Filter>
    </ClInclude>
    <ClInclude Include="..\controller\session.h">
      <Filter>Header Files</Filter>
    </ClInclude>
    <ClInclude Include="..\libs\crypto\sha3.h">
      <Filter>Header Files</Filter>
    </ClInclude>
    <ClInclude Include="..\libs\tcp.h">
      <Filter>Header Files</Filter>
    </ClInclude>
    <ClInclude Include="..\tunnel_drivers\tunnel_driver.h">
      <Filter>Header Files</Filter>
    </ClInclude>
    <ClInclude Include="..\libs\types.h">
      <Filter>Header Files</Filter>
    </ClInclude>
    <ClInclude Include="..\libs\crypto\micro-ecc\types.h">
      <Filter>Header Files</Filter>
    </ClInclude>
    <ClInclude Include="..\libs\udp.h">
      <Filter>Header Files</Filter>
    </ClInclude>
    <ClInclude Include="..\libs\crypto\micro-ecc\uecc.h">
      <Filter>Header Files</Filter>
    </ClInclude>
    <ClInclude Include="..\libs\crypto\micro-ecc\uECC_vli.h">
      <Filter>Header Files</Filter>
    </ClInclude>
    <ClInclude Include="..\libs\crypto\ustd.h">
      <Filter>Header Files</Filter>
    </ClInclude>
  </ItemGroup>
  <ItemGroup>
    <None Include="..\libs\crypto\micro-ecc\asm_arm.inc">
      <Filter>Header Files</Filter>
    </None>
    <None Include="..\libs\crypto\micro-ecc\asm_arm_mult_square.inc">
      <Filter>Header Files</Filter>
    </None>
    <None Include="..\libs\crypto\micro-ecc\asm_avr.inc">
      <Filter>Header Files</Filter>
    </None>
    <None Include="..\libs\crypto\micro-ecc\asm_avr_mult_square.inc">
      <Filter>Header Files</Filter>
    </None>
    <None Include="..\libs\crypto\micro-ecc\curve-specific.inc">
      <Filter>Header Files</Filter>
    </None>
    <None Include="..\libs\crypto\micro-ecc\platform-specific.inc">
      <Filter>Header Files</Filter>
    </None>
  </ItemGroup>
</Project>